schema: '2.0'
stages:
  prepare_data:
    cmd: python src/prepare_data.py
    deps:
    - path: data/raw
      hash: md5
      md5: 73db3cf26be5126354e8b5a40df44a5b.dir
      size: 6264214
      nfiles: 5
    - path: src/prepare_data.py
      hash: md5
      md5: 2229d7cd743bc8e53c10d2df27fb08f5
      size: 2865
    outs:
    - path: data/processed
      hash: md5
      md5: d83d4e80dbfcbe013900098219ec61e6.dir
      size: 5671092
      nfiles: 2
