schema: '2.0'
stages:
  prepare_data:
    cmd: python src/prepare_data.py
    deps:
    - path: data/raw
      hash: md5
      md5: 4af72bdf6631586ea497ad5c076f4188.dir
      size: 6183618
      nfiles: 5
    - path: src/prepare_data.py
      hash: md5
      md5: 2229d7cd743bc8e53c10d2df27fb08f5
      size: 2865
    outs:
    - path: data/processed
      hash: md5
      md5: a9ef1bebe3bfed1817fdb9cd9e9cdf79.dir
      size: 5594587
      nfiles: 2
